
Microsoft Visual Studio Solution File, Format Version 12.00
# Visual Studio Version 16
VisualStudioVersion = 16.0.29306.81
MinimumVisualStudioVersion = 10.0.40219.1
Project("{FAE04EC0-301F-11D3-BF4B-00C04F79EFBC}") = "MuestraLog", "MuestraLog.csproj", "{D8E4B47B-607D-494B-A59B-E3C17922AC54}"
EndProject
Global
	GlobalSection(SolutionConfigurationPlatforms) = preSolution
		Debug|Any CPU = Debug|Any CPU
		Release|Any CPU = Release|Any CPU
	EndGlobalSection
	GlobalSection(ProjectConfigurationPlatforms) = postSolution
		{D8E4B47B-607D-494B-A59B-E3C17922AC54}.Debug|Any CPU.ActiveCfg = Debug|Any CPU
		{D8E4B47B-607D-494B-A59B-E3C17922AC54}.Debug|Any CPU.Build.0 = Debug|Any CPU
		{D8E4B47B-607D-494B-A59B-E3C17922AC54}.Release|Any CPU.ActiveCfg = Release|Any CPU
		{D8E4B47B-607D-494B-A59B-E3C17922AC54}.Release|Any CPU.Build.0 = Release|Any CPU
	EndGlobalSection
	GlobalSection(SolutionProperties) = preSolution
		HideSolutionNode = FALSE
	EndGlobalSection
	GlobalSection(ExtensibilityGlobals) = postSolution
		SolutionGuid = {F345012C-33B2-4451-A3D8-1E91D966E299}
	EndGlobalSection
EndGlobal
